
Microsoft Visual Studio Solution File, Format Version 12.00
# Visual Studio Version 17
VisualStudioVersion = 17.10.34928.147
MinimumVisualStudioVersion = 10.0.40219.1
Project("{FAE04EC0-301F-11D3-BF4B-00C04F79EFBC}") = "library.Server", "library.Server\library.Server.csproj", "{855A4B09-58A3-4DA9-8CFC-3C4461A09006}"
EndProject
Project("{54A90642-561A-4BB1-A94E-469ADEE60C69}") = "library.client", "library.client\library.client.esproj", "{42D33998-4848-41FF-960D-D9287983FB1C}"
EndProject
Global
	GlobalSection(SolutionConfigurationPlatforms) = preSolution
		Debug|Any CPU = Debug|Any CPU
		Release|Any CPU = Release|Any CPU
	EndGlobalSection
	GlobalSection(ProjectConfigurationPlatforms) = postSolution
		{855A4B09-58A3-4DA9-8CFC-3C4461A09006}.Debug|Any CPU.ActiveCfg = Debug|Any CPU
		{855A4B09-58A3-4DA9-8CFC-3C4461A09006}.Debug|Any CPU.Build.0 = Debug|Any CPU
		{855A4B09-58A3-4DA9-8CFC-3C4461A09006}.Release|Any CPU.ActiveCfg = Release|Any CPU
		{855A4B09-58A3-4DA9-8CFC-3C4461A09006}.Release|Any CPU.Build.0 = Release|Any CPU
		{42D33998-4848-41FF-960D-D9287983FB1C}.Debug|Any CPU.ActiveCfg = Debug|Any CPU
		{42D33998-4848-41FF-960D-D9287983FB1C}.Debug|Any CPU.Build.0 = Debug|Any CPU
		{42D33998-4848-41FF-960D-D9287983FB1C}.Debug|Any CPU.Deploy.0 = Debug|Any CPU
		{42D33998-4848-41FF-960D-D9287983FB1C}.Release|Any CPU.ActiveCfg = Release|Any CPU
		{42D33998-4848-41FF-960D-D9287983FB1C}.Release|Any CPU.Build.0 = Release|Any CPU
		{42D33998-4848-41FF-960D-D9287983FB1C}.Release|Any CPU.Deploy.0 = Release|Any CPU
	EndGlobalSection
	GlobalSection(SolutionProperties) = preSolution
		HideSolutionNode = FALSE
	EndGlobalSection
	GlobalSection(ExtensibilityGlobals) = postSolution
		SolutionGuid = {A63727D3-0665-4470-9CC6-C2E5E535DCFC}
	EndGlobalSection
EndGlobal
